{
  "nodes": {
    "cachyos-kernel": {
      "flake": false,
      "locked": {
        "lastModified": 1779553635,
        "narHash": "sha256-ar7KGDmSmGQlKWH4aHC61K+VFxu1wxA/HcgIBDxHwOQ=",
        "owner": "CachyOS",
        "repo": "linux-cachyos",
        "rev": "f2c7d18505bc35a89a8d5fcab25671168684e7dd",
        "type": "github"
      },
      "original": {
        "owner": "CachyOS",
        "repo": "linux-cachyos",
        "type": "github"
      }
    },
    "cachyos-kernel-patches": {
      "flake": false,
      "locked": {
        "lastModified": 1779553556,
        "narHash": "sha256-5SdIKosgsscCVS16RO2OjH+LK9dq6aDWDIl3ra7W95U=",
        "owner": "CachyOS",
        "repo": "kernel-patches",
        "rev": "f1cddb07bac67a19df1d72b51c8e0f33f9fd46e4",
        "type": "github"
      },
      "original": {
        "owner": "CachyOS",
        "repo": "kernel-patches",
        "type": "github"
      }
    },
    "crane": {
      "locked": {
        "lastModified": 1778106249,
        "narHash": "sha256-cM/AuKy5tMhwOOQIbha8ZRRMHVfNf7cv2aljIw+qoCg=",
        "owner": "ipetkov",
        "repo": "crane",
        "rev": "6d015ea29630b7ad2402841386da2cb617a470a7",
        "type": "github"
      },
      "original": {
        "owner": "ipetkov",
        "repo": "crane",
        "type": "github"
      }
    },
    "flake-compat": {
      "flake": false,
      "locked": {
        "lastModified": 1767039857,
        "narHash": "sha256-vNpUSpF5Nuw8xvDLj2KCwwksIbjua2LZCqhV1LNRDns=",
        "owner": "NixOS",
        "repo": "flake-compat",
        "rev": "5edf11c44bc78a0d334f6334cdaf7d60d732daab",
        "type": "github"
      },
      "original": {
        "owner": "NixOS",
        "repo": "flake-compat",
        "type": "github"
      }
    },
    "flake-parts": {
      "inputs": {
        "nixpkgs-lib": "nixpkgs-lib"
      },
      "locked": {
        "lastModified": 1778716662,
        "narHash": "sha256-m1Yf0wZ8j1OHjTc2UwHwyQRSnNeSgLJOd7q5Y45hzi4=",
        "owner": "hercules-ci",
        "repo": "flake-parts",
        "rev": "f7c1a2d347e4c52d5fb8d10cb4d94b5884e546fb",
        "type": "github"
      },
      "original": {
        "owner": "hercules-ci",
        "repo": "flake-parts",
        "type": "github"
      }
    },
    "helium": {
      "inputs": {
        "nixpkgs": [
          "nixpkgs"
        ]
      },
      "locked": {
        "lastModified": 1779362613,
        "narHash": "sha256-gYJQTjBYuYOB/yii5bd9xGkxph+eL+mq4kj4F8PC/aA=",
        "owner": "oxcl",
        "repo": "nix-flake-helium-browser",
        "rev": "c1db1cc295118e95923a95fbcd2346a619fbe159",
        "type": "github"
      },
      "original": {
        "owner": "oxcl",
        "repo": "nix-flake-helium-browser",
        "type": "github"
      }
    },
    "home-manager": {
      "inputs": {
        "nixpkgs": [
          "nixpkgs"
        ]
      },
      "locked": {
        "lastModified": 1779506708,
        "narHash": "sha256-QOD/CNm196nCJRheux/URi4/HE66fthdOMqCJoPP1Y0=",
        "owner": "nix-community",
        "repo": "home-manager",
        "rev": "3ee51fbdac8c8bdfe1e7e1fcaba6520a563f394f",
        "type": "github"
      },
      "original": {
        "owner": "nix-community",
        "ref": "release-25.11",
        "repo": "home-manager",
        "type": "github"
      }
    },
    "kopuz": {
      "inputs": {
        "crane": "crane",
        "nixpkgs": "nixpkgs",
        "rust-overlay": "rust-overlay"
      },
      "locked": {
        "lastModified": 1779655302,
        "narHash": "sha256-YXpDOggDBAlxz/r96eBZo6/z6kufGw/bPKsZDWjf72o=",
        "owner": "temidaradev",
        "repo": "kopuz",
        "rev": "dfd19410f232f4724556925cea3689f76ac9cef7",
        "type": "github"
      },
      "original": {
        "owner": "temidaradev",
        "repo": "kopuz",
        "type": "github"
      }
    },
    "nix-cachyos-kernel": {
      "inputs": {
        "cachyos-kernel": "cachyos-kernel",
        "cachyos-kernel-patches": "cachyos-kernel-patches",
        "flake-compat": "flake-compat",
        "flake-parts": "flake-parts",
        "nixpkgs": "nixpkgs_2"
      },
      "locked": {
        "lastModified": 1779561456,
        "narHash": "sha256-JmGximP+xLDpnRAS57yTtdxzciSMrnUMhyF8JOf6rq4=",
        "owner": "xddxdd",
        "repo": "nix-cachyos-kernel",
        "rev": "32377520b67a18fa2258a4a18f02b341339093ca",
        "type": "github"
      },
      "original": {
        "owner": "xddxdd",
        "ref": "release",
        "repo": "nix-cachyos-kernel",
        "type": "github"
      }
    },
    "nixpkgs": {
      "locked": {
        "lastModified": 1776877367,
        "narHash": "sha256-EHq1/OX139R1RvBzOJ0aMRT3xnWyqtHBRUBuO1gFzjI=",
        "owner": "NixOS",
        "repo": "nixpkgs",
        "rev": "0726a0ecb6d4e08f6adced58726b95db924cef57",
        "type": "github"
      },
      "original": {
        "owner": "NixOS",
        "ref": "nixos-unstable",
        "repo": "nixpkgs",
        "type": "github"
      }
    },
    "nixpkgs-lib": {
      "locked": {
        "lastModified": 1777168982,
        "narHash": "sha256-GOkGPcboWE9BmGCRMLX3worL4EMnsnG8MyKmXNeYuhQ=",
        "owner": "nix-community",
        "repo": "nixpkgs.lib",
        "rev": "f5901329dade4a6ea039af1433fb087bd9c1fe14",
        "type": "github"
      },
      "original": {
        "owner": "nix-community",
        "repo": "nixpkgs.lib",
        "type": "github"
      }
    },
    "nixpkgs_2": {
      "locked": {
        "lastModified": 1779543187,
        "narHash": "sha256-6SjdsouT54k1+/DyBqTJwdFlja4RBNq9jP9N+8kBIa0=",
        "owner": "NixOS",
        "repo": "nixpkgs",
        "rev": "19942a940b16e7e7285e3cf58f09fa1aeb2f90cd",
        "type": "github"
      },
      "original": {
        "owner": "NixOS",
        "ref": "nixos-unstable-small",
        "repo": "nixpkgs",
        "type": "github"
      }
    },
    "nixpkgs_3": {
      "locked": {
        "lastModified": 1779467186,
        "narHash": "sha256-nOesoDCiXcUftqbRBMz9tt4blI5PvljMWbm3kuCA+0s=",
        "owner": "NixOS",
        "repo": "nixpkgs",
        "rev": "b77b3de8775677f84492abe84635f87b0e153f0f",
        "type": "github"
      },
      "original": {
        "owner": "NixOS",
        "ref": "nixos-25.11",
        "repo": "nixpkgs",
        "type": "github"
      }
    },
    "nixpkgs_4": {
      "locked": {
        "lastModified": 1779508470,
        "narHash": "sha256-Ap9KJX+5xHIn3bPIpfNgT6MEXdAECECwo4/rmlQD74M=",
        "owner": "NixOS",
        "repo": "nixpkgs",
        "rev": "29916453413845e54a65b8a1cf996842300cd299",
        "type": "github"
      },
      "original": {
        "owner": "NixOS",
        "ref": "nixos-unstable",
        "repo": "nixpkgs",
        "type": "github"
      }
    },
    "root": {
      "inputs": {
        "helium": "helium",
        "home-manager": "home-manager",
        "kopuz": "kopuz",
        "nix-cachyos-kernel": "nix-cachyos-kernel",
        "nixpkgs": "nixpkgs_3",
        "zapret": "zapret"
      }
    },
    "rust-overlay": {
      "inputs": {
        "nixpkgs": [
          "kopuz",
          "nixpkgs"
        ]
      },
      "locked": {
        "lastModified": 1777173302,
        "narHash": "sha256-ERiu3cbxvnTDxiDcimRA7af7xp6x1y0sRyLGm28Qzz8=",
        "owner": "oxalica",
        "repo": "rust-overlay",
        "rev": "aaec8c50baeaf2f2ba653e8aae71778a2bbbac94",
        "type": "github"
      },
      "original": {
        "owner": "oxalica",
        "repo": "rust-overlay",
        "type": "github"
      }
    },
    "zapret": {
      "inputs": {
        "nixpkgs": "nixpkgs_4",
        "zapret-src": "zapret-src"
      },
      "locked": {
        "lastModified": 1778159173,
        "narHash": "sha256-Huav5KDTGEwQi33HqrRu9PDnVodGhHPRsmdlAVV24BY=",
        "owner": "kira-we1ss",
        "repo": "zapret.installer-nix",
        "rev": "248c747758f8cfcfdeddabacda7f44eef0165b27",
        "type": "github"
      },
      "original": {
        "owner": "kira-we1ss",
        "repo": "zapret.installer-nix",
        "type": "github"
      }
    },
    "zapret-src": {
      "flake": false,
      "locked": {
        "lastModified": 1778303670,
        "narHash": "sha256-+COxrO881/MnmUvPdRJDp5tkj5pcDu27JbZ9CcZ0t5o=",
        "owner": "bol-van",
        "repo": "zapret",
        "rev": "42a9b8e330082157c5ba7933d41bac20869f0f87",
        "type": "github"
      },
      "original": {
        "owner": "bol-van",
        "repo": "zapret",
        "type": "github"
      }
    }
  },
  "root": "root",
  "version": 7
}
